// !$*UTF8*$!
{
	archiveVersion = 1;
	classes = {
	};
	objectVersion = 46;
	objects = {

/* Begin PBXBuildFile section */
		E7E30CFD169DAE6300E2E1B2 /* UIKit.framework in Frameworks */ = {isa = PBXBuildFile; fileRef = E7E30CFC169DAE6300E2E1B2 /* UIKit.framework */; };
		E7E30CFF169DAE6300E2E1B2 /* Foundation.framework in Frameworks */ = {isa = PBXBuildFile; fileRef = E7E30CFE169DAE6300E2E1B2 /* Foundation.framework */; };
		E7E30D01169DAE6300E2E1B2 /* CoreGraphics.framework in Frameworks */ = {isa = PBXBuildFile; fileRef = E7E30D00169DAE6300E2E1B2 /* CoreGraphics.framework */; };
		E7E30D07169DAE6300E2E1B2 /* InfoPlist.strings in Resources */ = {isa = PBXBuildFile; fileRef = E7E30D05169DAE6300E2E1B2 /* InfoPlist.strings */; };
		E7E30D09169DAE6300E2E1B2 /* main.m in Sources */ = {isa = PBXBuildFile; fileRef = E7E30D08169DAE6300E2E1B2 /* main.m */; };
		E7E30D0D169DAE6300E2E1B2 /* NavigationPinchAppDelegate.m in Sources */ = {isa = PBXBuildFile; fileRef = E7E30D0C169DAE6300E2E1B2 /* NavigationPinchAppDelegate.m */; };
		E7E30D0F169DAE6300E2E1B2 /* Default.png in Resources */ = {isa = PBXBuildFile; fileRef = E7E30D0E169DAE6300E2E1B2 /* Default.png */; };
		E7E30D11169DAE6300E2E1B2 /* Default@2x.png in Resources */ = {isa = PBXBuildFile; fileRef = E7E30D10169DAE6300E2E1B2 /* Default@2x.png */; };
		E7E30D13169DAE6300E2E1B2 /* Default-568h@2x.png in Resources */ = {isa = PBXBuildFile; fileRef = E7E30D12169DAE6300E2E1B2 /* Default-568h@2x.png */; };
		E7E30D16169DAE6300E2E1B2 /* MainStoryboard.storyboard in Resources */ = {isa = PBXBuildFile; fileRef = E7E30D14169DAE6300E2E1B2 /* MainStoryboard.storyboard */; };
		E7E30D21169DB0E300E2E1B2 /* NavigationPinchTableViewController.m in Sources */ = {isa = PBXBuildFile; fileRef = E7E30D20169DB0E300E2E1B2 /* NavigationPinchTableViewController.m */; };
		E7E30D24169DB94400E2E1B2 /* NavigationPinchTableViewCell.m in Sources */ = {isa = PBXBuildFile; fileRef = E7E30D23169DB94400E2E1B2 /* NavigationPinchTableViewCell.m */; };
/* End PBXBuildFile section */

/* Begin PBXFileReference section */
		E7E30CF8169DAE6300E2E1B2 /* NavigationPinch.app */ = {isa = PBXFileReference; explicitFileType = wrapper.application; includeInIndex = 0; path = NavigationPinch.app; sourceTree = BUILT_PRODUCTS_DIR; };
		E7E30CFC169DAE6300E2E1B2 /* UIKit.framework */ = {isa = PBXFileReference; lastKnownFileType = wrapper.framework; name = UIKit.framework; path = System/Library/Frameworks/UIKit.framework; sourceTree = SDKROOT; };
		E7E30CFE169DAE6300E2E1B2 /* Foundation.framework */ = {isa = PBXFileReference; lastKnownFileType = wrapper.framework; name = Foundation.framework; path = System/Library/Frameworks/Foundation.framework; sourceTree = SDKROOT; };
		E7E30D00169DAE6300E2E1B2 /* CoreGraphics.framework */ = {isa = PBXFileReference; lastKnownFileType = wrapper.framework; name = CoreGraphics.framework; path = System/Library/Frameworks/CoreGraphics.framework; sourceTree = SDKROOT; };
		E7E30D04169DAE6300E2E1B2 /* NavigationPinch-Info.plist */ = {isa = PBXFileReference; lastKnownFileType = text.plist.xml; path = "NavigationPinch-Info.plist"; sourceTree = "<group>"; };
		E7E30D06169DAE6300E2E1B2 /* en */ = {isa = PBXFileReference; lastKnownFileType = text.plist.strings; name = en; path = en.lproj/InfoPlist.strings; sourceTree = "<group>"; };
		E7E30D08169DAE6300E2E1B2 /* main.m */ = {isa = PBXFileReference; lastKnownFileType = sourcecode.c.objc; path = main.m; sourceTree = "<group>"; };
		E7E30D0A169DAE6300E2E1B2 /* NavigationPinch-Prefix.pch */ = {isa = PBXFileReference; lastKnownFileType = sourcecode.c.h; path = "NavigationPinch-Prefix.pch"; sourceTree = "<group>"; };
		E7E30D0B169DAE6300E2E1B2 /* NavigationPinchAppDelegate.h */ = {isa = PBXFileReference; lastKnownFileType = sourcecode.c.h; path = NavigationPinchAppDelegate.h; sourceTree = "<group>"; };
		E7E30D0C169DAE6300E2E1B2 /* NavigationPinchAppDelegate.m */ = {isa = PBXFileReference; lastKnownFileType = sourcecode.c.objc; path = NavigationPinchAppDelegate.m; sourceTree = "<group>"; };
		E7E30D0E169DAE6300E2E1B2 /* Default.png */ = {isa = PBXFileReference; lastKnownFileType = image.png; path = Default.png; sourceTree = "<group>"; };
		E7E30D10169DAE6300E2E1B2 /* Default@2x.png */ = {isa = PBXFileReference; lastKnownFileType = image.png; path = "Default@2x.png"; sourceTree = "<group>"; };
		E7E30D12169DAE6300E2E1B2 /* Default-568h@2x.png */ = {isa = PBXFileReference; lastKnownFileType = image.png; path = "Default-568h@2x.png"; sourceTree = "<group>"; };
		E7E30D15169DAE6300E2E1B2 /* en */ = {isa = PBXFileReference; lastKnownFileType = file.storyboard; name = en; path = en.lproj/MainStoryboard.storyboard; sourceTree = "<group>"; };
		E7E30D1F169DB0E300E2E1B2 /* NavigationPinchTableViewController.h */ = {isa = PBXFileReference; fileEncoding = 4; lastKnownFileType = sourcecode.c.h; path = NavigationPinchTableViewController.h; sourceTree = "<group>"; };
		E7E30D20169DB0E300E2E1B2 /* NavigationPinchTableViewController.m */ = {isa = PBXFileReference; fileEncoding = 4; lastKnownFileType = sourcecode.c.objc; path = NavigationPinchTableViewController.m; sourceTree = "<group>"; };
		E7E30D22169DB94400E2E1B2 /* NavigationPinchTableViewCell.h */ = {isa = PBXFileReference; fileEncoding = 4; lastKnownFileType = sourcecode.c.h; path = NavigationPinchTableViewCell.h; sourceTree = "<group>"; };
		E7E30D23169DB94400E2E1B2 /* NavigationPinchTableViewCell.m */ = {isa = PBXFileReference; fileEncoding = 4; lastKnownFileType = sourcecode.c.objc; path = NavigationPinchTableViewCell.m; sourceTree = "<group>"; };
/* End PBXFileReference section */

/* Begin PBXFrameworksBuildPhase section */
		E7E30CF5169DAE6300E2E1B2 /* Frameworks */ = {
			isa = PBXFrameworksBuildPhase;
			buildActionMask = 2147483647;
			files = (
				E7E30CFD169DAE6300E2E1B2 /* UIKit.framework in Frameworks */,
				E7E30CFF169DAE6300E2E1B2 /* Foundation.framework in Frameworks */,
				E7E30D01169DAE6300E2E1B2 /* CoreGraphics.framework in Frameworks */,
			);
			runOnlyForDeploymentPostprocessing = 0;
		};
/* End PBXFrameworksBuildPhase section */

/* Begin PBXGroup section */
		E7E30CED169DAE6300E2E1B2 = {
			isa = PBXGroup;
			children = (
				E7E30D02169DAE6300E2E1B2 /* NavigationPinch */,
				E7E30CFB169DAE6300E2E1B2 /* Frameworks */,
				E7E30CF9169DAE6300E2E1B2 /* Products */,
			);
			sourceTree = "<group>";
		};
		E7E30CF9169DAE6300E2E1B2 /* Products */ = {
			isa = PBXGroup;
			children = (
				E7E30CF8169DAE6300E2E1B2 /* NavigationPinch.app */,
			);
			name = Products;
			sourceTree = "<group>";
		};
		E7E30CFB169DAE6300E2E1B2 /* Frameworks */ = {
			isa = PBXGroup;
			children = (
				E7E30CFC169DAE6300E2E1B2 /* UIKit.framework */,
				E7E30CFE169DAE6300E2E1B2 /* Foundation.framework */,
				E7E30D00169DAE6300E2E1B2 /* CoreGraphics.framework */,
			);
			name = Frameworks;
			sourceTree = "<group>";
		};
		E7E30D02169DAE6300E2E1B2 /* NavigationPinch */ = {
			isa = PBXGroup;
			children = (
				E7E30D14169DAE6300E2E1B2 /* MainStoryboard.storyboard */,
				E7E30D0B169DAE6300E2E1B2 /* NavigationPinchAppDelegate.h */,
				E7E30D0C169DAE6300E2E1B2 /* NavigationPinchAppDelegate.m */,
				E7E30D22169DB94400E2E1B2 /* NavigationPinchTableViewCell.h */,
				E7E30D23169DB94400E2E1B2 /* NavigationPinchTableViewCell.m */,
				E7E30D1F169DB0E300E2E1B2 /* NavigationPinchTableViewController.h */,
				E7E30D20169DB0E300E2E1B2 /* NavigationPinchTableViewController.m */,
				E7E30D03169DAE6300E2E1B2 /* Supporting Files */,
			);
			path = NavigationPinch;
			sourceTree = "<group>";
		};
		E7E30D03169DAE6300E2E1B2 /* Supporting Files */ = {
			isa = PBXGroup;
			children = (
				E7E30D04169DAE6300E2E1B2 /* NavigationPinch-Info.plist */,
				E7E30D05169DAE6300E2E1B2 /* InfoPlist.strings */,
				E7E30D08169DAE6300E2E1B2 /* main.m */,
				E7E30D0A169DAE6300E2E1B2 /* NavigationPinch-Prefix.pch */,
				E7E30D0E169DAE6300E2E1B2 /* Default.png */,
				E7E30D10169DAE6300E2E1B2 /* Default@2x.png */,
				E7E30D12169DAE6300E2E1B2 /* Default-568h@2x.png */,
			);
			name = "Supporting Files";
			sourceTree = "<group>";
		};
/* End PBXGroup section */

/* Begin PBXNativeTarget section */
		E7E30CF7169DAE6300E2E1B2 /* NavigationPinch */ = {
			isa = PBXNativeTarget;
			buildConfigurationList = E7E30D1C169DAE6300E2E1B2 /* Build configuration list for PBXNativeTarget "NavigationPinch" */;
			buildPhases = (
				E7E30CF4169DAE6300E2E1B2 /* Sources */,
				E7E30CF5169DAE6300E2E1B2 /* Frameworks */,
				E7E30CF6169DAE6300E2E1B2 /* Resources */,
			);
			buildRules = (
			);
			dependencies = (
			);
			name = NavigationPinch;
			productName = NavigationPinch;
			productReference = E7E30CF8169DAE6300E2E1B2 /* NavigationPinch.app */;
			productType = "com.apple.product-type.application";
		};
/* End PBXNativeTarget section */

/* Begin PBXProject section */
		E7E30CEF169DAE6300E2E1B2 /* Project object */ = {
			isa = PBXProject;
			attributes = {
				CLASSPREFIX = NavigationPinch;
				LastUpgradeCheck = 0450;
				ORGANIZATIONNAME = "Nate West";
			};
			buildConfigurationList = E7E30CF2169DAE6300E2E1B2 /* Build configuration list for PBXProject "NavigationPinch" */;
			compatibilityVersion = "Xcode 3.2";
			developmentRegion = English;
			hasScannedForEncodings = 0;
			knownRegions = (
				en,
			);
			mainGroup = E7E30CED169DAE6300E2E1B2;
			productRefGroup = E7E30CF9169DAE6300E2E1B2 /* Products */;
			projectDirPath = "";
			projectRoot = "";
			targets = (
				E7E30CF7169DAE6300E2E1B2 /* NavigationPinch */,
			);
		};
/* End PBXProject section */

/* Begin PBXResourcesBuildPhase section */
		E7E30CF6169DAE6300E2E1B2 /* Resources */ = {
			isa = PBXResourcesBuildPhase;
			buildActionMask = 2147483647;
			files = (
				E7E30D07169DAE6300E2E1B2 /* InfoPlist.strings in Resources */,
				E7E30D0F169DAE6300E2E1B2 /* Default.png in Resources */,
				E7E30D11169DAE6300E2E1B2 /* Default@2x.png in Resources */,
				E7E30D13169DAE6300E2E1B2 /* Default-568h@2x.png in Resources */,
				E7E30D16169DAE6300E2E1B2 /* MainStoryboard.storyboard in Resources */,
			);
			runOnlyForDeploymentPostprocessing = 0;
		};
/* End PBXResourcesBuildPhase section */

/* Begin PBXSourcesBuildPhase section */
		E7E30CF4169DAE6300E2E1B2 /* Sources */ = {
			isa = PBXSourcesBuildPhase;
			buildActionMask = 2147483647;
			files = (
				E7E30D09169DAE6300E2E1B2 /* main.m in Sources */,
				E7E30D0D169DAE6300E2E1B2 /* NavigationPinchAppDelegate.m in Sources */,
				E7E30D21169DB0E300E2E1B2 /* NavigationPinchTableViewController.m in Sources */,
				E7E30D24169DB94400E2E1B2 /* NavigationPinchTableViewCell.m in Sources */,
			);
			runOnlyForDeploymentPostprocessing = 0;
		};
/* End PBXSourcesBuildPhase section */

/* Begin PBXVariantGroup section */
		E7E30D05169DAE6300E2E1B2 /* InfoPlist.strings */ = {
			isa = PBXVariantGroup;
			children = (
				E7E30D06169DAE6300E2E1B2 /* en */,
			);
			name = InfoPlist.strings;
			sourceTree = "<group>";
		};
		E7E30D14169DAE6300E2E1B2 /* MainStoryboard.storyboard */ = {
			isa = PBXVariantGroup;
			children = (
				E7E30D15169DAE6300E2E1B2 /* en */,
			);
			name = MainStoryboard.storyboard;
			sourceTree = "<group>";
		};
/* End PBXVariantGroup section */

/* Begin XCBuildConfiguration section */
		E7E30D1A169DAE6300E2E1B2 /* Debug */ = {
			isa = XCBuildConfiguration;
			buildSettings = {
				ALWAYS_SEARCH_USER_PATHS = NO;
				CLANG_CXX_LANGUAGE_STANDARD = "gnu++0x";
				CLANG_CXX_LIBRARY = "libc++";
				CLANG_ENABLE_OBJC_ARC = YES;
				CLANG_WARN_EMPTY_BODY = YES;
				CLANG_WARN__DUPLICATE_METHOD_MATCH = YES;
				"CODE_SIGN_IDENTITY[sdk=iphoneos*]" = "iPhone Developer";
				COPY_PHASE_STRIP = NO;
				GCC_C_LANGUAGE_STANDARD = gnu99;
				GCC_DYNAMIC_NO_PIC = NO;
				GCC_OPTIMIZATION_LEVEL = 0;
				GCC_PREPROCESSOR_DEFINITIONS = (
					"DEBUG=1",
					"$(inherited)",
				);
				GCC_SYMBOLS_PRIVATE_EXTERN = NO;
				GCC_WARN_ABOUT_RETURN_TYPE = YES;
				GCC_WARN_UNINITIALIZED_AUTOS = YES;
				GCC_WARN_UNUSED_VARIABLE = YES;
				IPHONEOS_DEPLOYMENT_TARGET = 6.0;
				ONLY_ACTIVE_ARCH = YES;
				SDKROOT = iphoneos;
			};
			name = Debug;
		};
		E7E30D1B169DAE6300E2E1B2 /* Release */ = {
			isa = XCBuildConfiguration;
			buildSettings = {
				ALWAYS_SEARCH_USER_PATHS = NO;
				CLANG_CXX_LANGUAGE_STANDARD = "gnu++0x";
				CLANG_CXX_LIBRARY = "libc++";
				CLANG_ENABLE_OBJC_ARC = YES;
				CLANG_WARN_EMPTY_BODY = YES;
				CLANG_WARN__DUPLICATE_METHOD_MATCH = YES;
				"CODE_SIGN_IDENTITY[sdk=iphoneos*]" = "iPhone Developer";
				COPY_PHASE_STRIP = YES;
				GCC_C_LANGUAGE_STANDARD = gnu99;
				GCC_WARN_ABOUT_RETURN_TYPE = YES;
				GCC_WARN_UNINITIALIZED_AUTOS = YES;
				GCC_WARN_UNUSED_VARIABLE = YES;
				IPHONEOS_DEPLOYMENT_TARGET = 6.0;
				OTHER_CFLAGS = "-DNS_BLOCK_ASSERTIONS=1";
				SDKROOT = iphoneos;
				VALIDATE_PRODUCT = YES;
			};
			name = Release;
		};
		E7E30D1D169DAE6300E2E1B2 /* Debug */ = {
			isa = XCBuildConfiguration;
			buildSettings = {
				GCC_PRECOMPILE_PREFIX_HEADER = YES;
				GCC_PREFIX_HEADER = "NavigationPinch/NavigationPinch-Prefix.pch";
				INFOPLIST_FILE = "NavigationPinch/NavigationPinch-Info.plist";
				PRODUCT_NAME = "$(TARGET_NAME)";
				WRAPPER_EXTENSION = app;
			};
			name = Debug;
		};
		E7E30D1E169DAE6300E2E1B2 /* Release */ = {
			isa = XCBuildConfiguration;
			buildSettings = {
				GCC_PRECOMPILE_PREFIX_HEADER = YES;
				GCC_PREFIX_HEADER = "NavigationPinch/NavigationPinch-Prefix.pch";
				INFOPLIST_FILE = "NavigationPinch/NavigationPinch-Info.plist";
				PRODUCT_NAME = "$(TARGET_NAME)";
				WRAPPER_EXTENSION = app;
			};
			name = Release;
		};
/* End XCBuildConfiguration section */

/* Begin XCConfigurationList section */
		E7E30CF2169DAE6300E2E1B2 /* Build configuration list for PBXProject "NavigationPinch" */ = {
			isa = XCConfigurationList;
			buildConfigurations = (
				E7E30D1A169DAE6300E2E1B2 /* Debug */,
				E7E30D1B169DAE6300E2E1B2 /* Release */,
			);
			defaultConfigurationIsVisible = 0;
			defaultConfigurationName = Release;
		};
		E7E30D1C169DAE6300E2E1B2 /* Build configuration list for PBXNativeTarget "NavigationPinch" */ = {
			isa = XCConfigurationList;
			buildConfigurations = (
				E7E30D1D169DAE6300E2E1B2 /* Debug */,
				E7E30D1E169DAE6300E2E1B2 /* Release */,
			);
			defaultConfigurationIsVisible = 0;
		};
/* End XCConfigurationList section */
	};
	rootObject = E7E30CEF169DAE6300E2E1B2 /* Project object */;
}
